<?xml version="1.0" encoding="utf-8"?>
<Project ToolsVersion="4.0" xmlns="http://schemas.microsoft.com/developer/msbuild/2003">
  <ItemGroup>
    <Filter Include="include">
      <UniqueIdentifier>{11111111-1111-1111-1111-111111111111}</UniqueIdentifier>
    </Filter>
    <Filter Include="src">
      <UniqueIdentifier>{22222222-2222-2222-2222-222222222222}</UniqueIdentifier>
    </Filter>
  </ItemGroup>
  <ItemGroup>
    <ClInclude Include="include\CRC.h">
      <Filter>include</Filter>
    </ClInclude>
    <ClInclude Include="include\CRandom.h">
      <Filter>include</Filter>
    </ClInclude>
    <ClInclude Include="include\Clipboard.h">
      <Filter>include</Filter>
    </ClInclude>
    <ClInclude Include="include\Convert.h">
      <Filter>include</Filter>
    </ClInclude>
    <ClInclude Include="include\DataPack.h">
      <Filter>include</Filter>
    </ClInclude>
    <ClInclude Include="include\DateTime.h">
      <Filter>include</Filter>
    </ClInclude>
    <ClInclude Include="include\Dialog.h">
      <Filter>include</Filter>
    </ClInclude>
    <ClInclude Include="include\Dictionary.h">
      <Filter>include</Filter>
    </ClInclude>
    <ClInclude Include="include\Environment.h">
      <Filter>include</Filter>
    </ClInclude>
    <ClInclude Include="include\Event.h">
      <Filter>include</Filter>
    </ClInclude>
    <ClInclude Include="include\File.h">
      <Filter>include</Filter>
    </ClInclude>
    <ClInclude Include="include\FileInfo.h">
      <Filter>include</Filter>
    </ClInclude>
    <ClInclude Include="include\FileStream.h">
      <Filter>include</Filter>
    </ClInclude>
    <ClInclude Include="include\Guid.h">
      <Filter>include</Filter>
    </ClInclude>
    <ClInclude Include="include\HttpHelper.h">
      <Filter>include</Filter>
    </ClInclude>
    <ClInclude Include="include\List.h">
      <Filter>include</Filter>
    </ClInclude>
    <ClInclude Include="include\MD5.h">
      <Filter>include</Filter>
    </ClInclude>
    <ClInclude Include="include\Process.h">
      <Filter>include</Filter>
    </ClInclude>
    <ClInclude Include="include\ProcessOperator.h">
      <Filter>include</Filter>
    </ClInclude>
    <ClInclude Include="include\Registry.h">
      <Filter>include</Filter>
    </ClInclude>
    <ClInclude Include="include\SHA256.h">
      <Filter>include</Filter>
    </ClInclude>
    <ClInclude Include="include\Socket.h">
      <Filter>include</Filter>
    </ClInclude>
    <ClInclude Include="include\StopWatch.h">
      <Filter>include</Filter>
    </ClInclude>
    <ClInclude Include="include\StringBuilder.h">
      <Filter>include</Filter>
    </ClInclude>
    <ClInclude Include="include\StringHelper.h">
      <Filter>include</Filter>
    </ClInclude>
    <ClInclude Include="include\TimeSpan.h">
      <Filter>include</Filter>
    </ClInclude>
    <ClInclude Include="include\Tuple.h">
      <Filter>include</Filter>
    </ClInclude>
    <ClInclude Include="include\Utils.h">
      <Filter>include</Filter>
    </ClInclude>
    <ClInclude Include="include\defines.h">
      <Filter>include</Filter>
    </ClInclude>
  </ItemGroup>
  <ItemGroup>
    <ClCompile Include="src\CRC.cpp">
      <Filter>src</Filter>
    </ClCompile>
    <ClCompile Include="src\CRandom.cpp">
      <Filter>src</Filter>
    </ClCompile>
    <ClCompile Include="src\Clipboard.cpp">
      <Filter>src</Filter>
    </ClCompile>
    <ClCompile Include="src\Convert.cpp">
      <Filter>src</Filter>
    </ClCompile>
    <ClCompile Include="src\DataPack.cpp">
      <Filter>src</Filter>
    </ClCompile>
    <ClCompile Include="src\DateTime.cpp">
      <Filter>src</Filter>
    </ClCompile>
    <ClCompile Include="src\Dialog.cpp">
      <Filter>src</Filter>
    </ClCompile>
    <ClCompile Include="src\Environment.cpp">
      <Filter>src</Filter>
    </ClCompile>
    <ClCompile Include="src\Event.cpp">
      <Filter>src</Filter>
    </ClCompile>
    <ClCompile Include="src\File.cpp">
      <Filter>src</Filter>
    </ClCompile>
    <ClCompile Include="src\FileInfo.cpp">
      <Filter>src</Filter>
    </ClCompile>
    <ClCompile Include="src\FileStream.cpp">
      <Filter>src</Filter>
    </ClCompile>
    <ClCompile Include="src\Guid.cpp">
      <Filter>src</Filter>
    </ClCompile>
    <ClCompile Include="src\MD5.cpp">
      <Filter>src</Filter>
    </ClCompile>
    <ClCompile Include="src\Process.cpp">
      <Filter>src</Filter>
    </ClCompile>
    <ClCompile Include="src\ProcessOperator.cpp">
      <Filter>src</Filter>
    </ClCompile>
    <ClCompile Include="src\Registry.cpp">
      <Filter>src</Filter>
    </ClCompile>
    <ClCompile Include="src\SHA256.cpp">
      <Filter>src</Filter>
    </ClCompile>
    <ClCompile Include="src\Socket.cpp">
      <Filter>src</Filter>
    </ClCompile>
    <ClCompile Include="src\StopWatch.cpp">
      <Filter>src</Filter>
    </ClCompile>
    <ClCompile Include="src\StringBuilder.cpp">
      <Filter>src</Filter>
    </ClCompile>
    <ClCompile Include="src\StringHelper.cpp">
      <Filter>src</Filter>
    </ClCompile>
    <ClCompile Include="src\TimeSpan.cpp">
      <Filter>src</Filter>
    </ClCompile>
    <ClCompile Include="src\Utils.cpp">
      <Filter>src</Filter>
    </ClCompile>
  </ItemGroup>
</Project>
