<?xml version="1.0" encoding="utf-8"?>
<Project ToolsVersion="4.0" xmlns="http://schemas.microsoft.com/developer/msbuild/2003">
  <ItemGroup>
    <Filter Include="include">
      <UniqueIdentifier>{11111111-1111-1111-1111-111111111111}</UniqueIdentifier>
    </Filter>
    <Filter Include="src">
      <UniqueIdentifier>{22222222-2222-2222-2222-222222222222}</UniqueIdentifier>
    </Filter>
  </ItemGroup>
  <ItemGroup>
    <ClInclude Include="include\BitmapSource.h">
      <Filter>include</Filter>
    </ClInclude>
    <ClInclude Include="include\Colors.h">
      <Filter>include</Filter>
    </ClInclude>
    <ClInclude Include="include\Factory.h">
      <Filter>include</Filter>
    </ClInclude>
    <ClInclude Include="include\Font.h">
      <Filter>include</Filter>
    </ClInclude>
    <ClInclude Include="include\Graphics.h">
      <Filter>include</Filter>
    </ClInclude>
    <ClInclude Include="include\SvgParserInternal.h">
      <Filter>include</Filter>
    </ClInclude>
  </ItemGroup>
  <ItemGroup>
    <ClCompile Include="src\BitmapSource.cpp">
      <Filter>src</Filter>
    </ClCompile>
    <ClCompile Include="src\Factory.cpp">
      <Filter>src</Filter>
    </ClCompile>
    <ClCompile Include="src\Font.cpp">
      <Filter>src</Filter>
    </ClCompile>
    <ClCompile Include="src\Graphics.cpp">
      <Filter>src</Filter>
    </ClCompile>
    <ClCompile Include="src\SvgParserInternal.cpp">
      <Filter>src</Filter>
    </ClCompile>
  </ItemGroup>
</Project>
